hash: e101647d3ca09ca1cb92394f6e9d9201244292d2658878d17ca0c14b5c2acb0d
updated: 2019-07-17T19:15:46.599538156+03:00
imports:
- name: github.com/gorilla/mux
  version: 00bdffe0f3c77e27d2cf6f5c70232a2d3e4d9c15
- name: github.com/joho/godotenv
  version: 5c0e6c6ab1a0a9ef0a8822cba3a05d62f7dad941
- name: github.com/lib/pq
  version: 3427c32cb71afc948325f299f040e53c1dd78979
  subpackages:
  - oid
  - scram
- name: golang.org/x/crypto
  version: 4def268fd1a49955bfb3dda92fe3db4f924f2285
  subpackages:
  - bcrypt
  - blowfish
testImports: []
